
Microsoft Visual Studio Solution File, Format Version 12.00
# Visual Studio 15
VisualStudioVersion = 15.0.26403.3
MinimumVisualStudioVersion = 10.0.40219.1
Project("{2150E333-8FDC-42A3-9474-1A3956D46DE8}") = "Solution Items", "Solution Items", "{153C20F8-826E-4AE7-3087-BE77A1D2A988}"
	ProjectSection(SolutionItems) = preProject
		nuget.config = nuget.config
	EndProjectSection
	ProjectSection(FolderGlobals) = preProject
		global_1json__JSONSchema = http://json.schemastore.org/global
	EndProjectSection
EndProject
Project("{2150E333-8FDC-42A3-9474-1A3956D46DE8}") = "src", "src", "{B41FC458-86EC-FF29-1691-C526F2000F0E}"
EndProject
Project("{2150E333-8FDC-42A3-9474-1A3956D46DE8}") = "test", "test", "{4E6B5AAF-3ED4-7688-C19F-B32717889E89}"
EndProject
Project("{9A19103F-16F7-4668-BE54-9A1E7A4F7556}") = "FOOBAR", "src\FOOBAR\FOOBAR.csproj", "{6B9C8153-26AA-83A5-4B93-119E48875A86}"
EndProject
Project("{9A19103F-16F7-4668-BE54-9A1E7A4F7556}") = "FOOBAR.IntegrationTests", "test\FOOBAR.IntegrationTests\FOOBAR.IntegrationTests.csproj", "{43A0EA6E-20EC-C3DE-C04C-D0E086D03DDA}"
EndProject
Project("{9A19103F-16F7-4668-BE54-9A1E7A4F7556}") = "FOOBAR.UnitTests", "test\FOOBAR.UnitTests\FOOBAR.UnitTests.csproj", "{48B7DFB0-4E5F-FDFC-CFFD-33B79F8C342F}"
EndProject
Global
	GlobalSection(SolutionConfigurationPlatforms) = preSolution
		Debug|Any CPU = Debug|Any CPU
		Release|Any CPU = Release|Any CPU
	EndGlobalSection
	GlobalSection(ProjectConfigurationPlatforms) = postSolution
		{6B9C8153-26AA-83A5-4B93-119E48875A86}.Debug|Any CPU.ActiveCfg = Debug|Any CPU
		{6B9C8153-26AA-83A5-4B93-119E48875A86}.Debug|Any CPU.Build.0 = Debug|Any CPU
		{6B9C8153-26AA-83A5-4B93-119E48875A86}.Release|Any CPU.ActiveCfg = Release|Any CPU
		{6B9C8153-26AA-83A5-4B93-119E48875A86}.Release|Any CPU.Build.0 = Release|Any CPU
		{43A0EA6E-20EC-C3DE-C04C-D0E086D03DDA}.Debug|Any CPU.ActiveCfg = Debug|Any CPU
		{43A0EA6E-20EC-C3DE-C04C-D0E086D03DDA}.Debug|Any CPU.Build.0 = Debug|Any CPU
		{43A0EA6E-20EC-C3DE-C04C-D0E086D03DDA}.Release|Any CPU.ActiveCfg = Release|Any CPU
		{43A0EA6E-20EC-C3DE-C04C-D0E086D03DDA}.Release|Any CPU.Build.0 = Release|Any CPU
		{48B7DFB0-4E5F-FDFC-CFFD-33B79F8C342F}.Debug|Any CPU.ActiveCfg = Debug|Any CPU
		{48B7DFB0-4E5F-FDFC-CFFD-33B79F8C342F}.Debug|Any CPU.Build.0 = Debug|Any CPU
		{48B7DFB0-4E5F-FDFC-CFFD-33B79F8C342F}.Release|Any CPU.ActiveCfg = Release|Any CPU
		{48B7DFB0-4E5F-FDFC-CFFD-33B79F8C342F}.Release|Any CPU.Build.0 = Release|Any CPU
	EndGlobalSection
	GlobalSection(SolutionProperties) = preSolution
		HideSolutionNode = FALSE
	EndGlobalSection
	GlobalSection(NestedProjects) = preSolution
		{6B9C8153-26AA-83A5-4B93-119E48875A86} = {B41FC458-86EC-FF29-1691-C526F2000F0E}
		{43A0EA6E-20EC-C3DE-C04C-D0E086D03DDA} = {4E6B5AAF-3ED4-7688-C19F-B32717889E89}
		{48B7DFB0-4E5F-FDFC-CFFD-33B79F8C342F} = {4E6B5AAF-3ED4-7688-C19F-B32717889E89}
	EndGlobalSection
EndGlobal
